
Microsoft Visual Studio Solution File, Format Version 12.00
# Visual Studio Version 17
VisualStudioVersion = 17.6.33815.320
MinimumVisualStudioVersion = 10.0.40219.1
Project("{9A19103F-16F7-4668-BE54-9A1E7A4F7556}") = "ReportGenerator", "ReportGenerator.csproj", "{D37ED435-3438-48DC-9AEE-E5F795057C52}"
EndProject
Project("{2150E333-8FDC-42A3-9474-1A3956D46DE8}") = "Solution Items", "Solution Items", "{3C6FCAC5-CDC4-4EE9-B9A1-193D1CFFE6D5}"
	ProjectSection(SolutionItems) = preProject
		editorconfig = editorconfig
		LICENSE = LICENSE
		README.md = README.md
		ReportGenerator.sln.DotSettings = ReportGenerator.sln.DotSettings
	EndProjectSection
EndProject
Global
	GlobalSection(SolutionConfigurationPlatforms) = preSolution
		Debug|Any CPU = Debug|Any CPU
		Release|Any CPU = Release|Any CPU
	EndGlobalSection
	GlobalSection(ProjectConfigurationPlatforms) = postSolution
		{D37ED435-3438-48DC-9AEE-E5F795057C52}.Debug|Any CPU.ActiveCfg = Debug|Any CPU
		{D37ED435-3438-48DC-9AEE-E5F795057C52}.Debug|Any CPU.Build.0 = Debug|Any CPU
		{D37ED435-3438-48DC-9AEE-E5F795057C52}.Release|Any CPU.ActiveCfg = Release|Any CPU
		{D37ED435-3438-48DC-9AEE-E5F795057C52}.Release|Any CPU.Build.0 = Release|Any CPU
	EndGlobalSection
	GlobalSection(SolutionProperties) = preSolution
		HideSolutionNode = FALSE
	EndGlobalSection
	GlobalSection(ExtensibilityGlobals) = postSolution
		SolutionGuid = {C78585D7-26BD-4809-853A-8699C58C1456}
	EndGlobalSection
EndGlobal
